
Microsoft Visual Studio Solution File, Format Version 12.00
# Visual Studio Version 16
VisualStudioVersion = 16.0.30804.86
MinimumVisualStudioVersion = 10.0.40219.1
Project("{FAE04EC0-301F-11D3-BF4B-00C04F79EFBC}") = "MvvmTemplate", "MvvmTemplate\MvvmTemplate.csproj", "{7695F02B-59B8-4CEE-8438-49ED7796EE04}"
EndProject
Global
	GlobalSection(SolutionConfigurationPlatforms) = preSolution
		Debug|Any CPU = Debug|Any CPU
		Release|Any CPU = Release|Any CPU
	EndGlobalSection
	GlobalSection(ProjectConfigurationPlatforms) = postSolution
		{7695F02B-59B8-4CEE-8438-49ED7796EE04}.Debug|Any CPU.ActiveCfg = Debug|Any CPU
		{7695F02B-59B8-4CEE-8438-49ED7796EE04}.Debug|Any CPU.Build.0 = Debug|Any CPU
		{7695F02B-59B8-4CEE-8438-49ED7796EE04}.Release|Any CPU.ActiveCfg = Release|Any CPU
		{7695F02B-59B8-4CEE-8438-49ED7796EE04}.Release|Any CPU.Build.0 = Release|Any CPU
	EndGlobalSection
	GlobalSection(SolutionProperties) = preSolution
		HideSolutionNode = FALSE
	EndGlobalSection
	GlobalSection(ExtensibilityGlobals) = postSolution
		SolutionGuid = {755CD619-2C14-4572-88AC-2921368E5C04}
	EndGlobalSection
EndGlobal
